
Microsoft Visual Studio Solution File, Format Version 12.00
# Visual Studio Version 17
VisualStudioVersion = 17.0.31919.166
MinimumVisualStudioVersion = 10.0.40219.1
Project("{8BC9CEB8-8B4A-11D0-8D11-00A0C91BC942}") = "temporal_iterator", "temporal_iterator\temporal_iterator.vcxproj", "{32899BE3-05F5-4C9F-840C-94AB27C96E4F}"
EndProject
Project("{2150E333-8FDC-42A3-9474-1A3956D46DE8}") = "Solution Items", "Solution Items", "{A705D8A1-3A26-4C6D-B7D8-77D7A0492DDD}"
	ProjectSection(SolutionItems) = preProject
		README.md = README.md
	EndProjectSection
EndProject
Global
	GlobalSection(SolutionConfigurationPlatforms) = preSolution
		Debug|x64 = Debug|x64
		Debug|x86 = Debug|x86
		Release|x64 = Release|x64
		Release|x86 = Release|x86
	EndGlobalSection
	GlobalSection(ProjectConfigurationPlatforms) = postSolution
		{32899BE3-05F5-4C9F-840C-94AB27C96E4F}.Debug|x64.ActiveCfg = Debug|x64
		{32899BE3-05F5-4C9F-840C-94AB27C96E4F}.Debug|x64.Build.0 = Debug|x64
		{32899BE3-05F5-4C9F-840C-94AB27C96E4F}.Debug|x86.ActiveCfg = Debug|Win32
		{32899BE3-05F5-4C9F-840C-94AB27C96E4F}.Debug|x86.Build.0 = Debug|Win32
		{32899BE3-05F5-4C9F-840C-94AB27C96E4F}.Release|x64.ActiveCfg = Release|x64
		{32899BE3-05F5-4C9F-840C-94AB27C96E4F}.Release|x64.Build.0 = Release|x64
		{32899BE3-05F5-4C9F-840C-94AB27C96E4F}.Release|x86.ActiveCfg = Release|Win32
		{32899BE3-05F5-4C9F-840C-94AB27C96E4F}.Release|x86.Build.0 = Release|Win32
	EndGlobalSection
	GlobalSection(SolutionProperties) = preSolution
		HideSolutionNode = FALSE
	EndGlobalSection
	GlobalSection(ExtensibilityGlobals) = postSolution
		SolutionGuid = {E02F2AC7-49C5-4DDB-87C1-0E23D6D16A64}
	EndGlobalSection
EndGlobal
